
Microsoft Visual Studio Solution File, Format Version 12.00
# Visual Studio Version 17
VisualStudioVersion = 17.10.34607.79
MinimumVisualStudioVersion = 10.0.40219.1
Project("{2150E333-8FDC-42A3-9474-1A3956D46DE8}") = "Aspire", "Aspire", "{48C8F3A0-F972-49E1-915C-9817381D4341}"
EndProject
Project("{9A19103F-16F7-4668-BE54-9A1E7A4F7556}") = "NetAspireTest.Aspire.AppHost", "NetAspireTest.Aspire\NetAspireTest.Aspire.AppHost\NetAspireTest.Aspire.AppHost.csproj", "{BB9C749A-886C-4017-9AFD-DED406DDEC96}"
EndProject
Project("{9A19103F-16F7-4668-BE54-9A1E7A4F7556}") = "NetAspireTest.Aspire.ServiceDefaults", "NetAspireTest.Aspire\NetAspireTest.Aspire.ServiceDefaults\NetAspireTest.Aspire.ServiceDefaults.csproj", "{7132CFFF-5FE6-463A-A279-C75AAC839525}"
EndProject
Project("{2150E333-8FDC-42A3-9474-1A3956D46DE8}") = "App", "App", "{E0780562-DB5D-47EB-833B-B7816B9B6A18}"
EndProject
Project("{9A19103F-16F7-4668-BE54-9A1E7A4F7556}") = "NetAspireTest", "App\NetAspireTest\NetAspireTest\NetAspireTest.csproj", "{F40D64F0-7B8A-42C6-BDF2-4562FAC7BA96}"
EndProject
Project("{9A19103F-16F7-4668-BE54-9A1E7A4F7556}") = "NetAspireTest.Client", "App\NetAspireTest\NetAspireTest.Client\NetAspireTest.Client.csproj", "{956B42F2-EB01-4416-8F43-A97277888E26}"
EndProject
Project("{9A19103F-16F7-4668-BE54-9A1E7A4F7556}") = "NetAspireTest.Shared", "App\NetAspireTest\NetAspireTest.Shared\NetAspireTest.Shared.csproj", "{19011D1F-4E54-4D2A-A5E1-9C3A00E9BB2D}"
EndProject
Project("{9A19103F-16F7-4668-BE54-9A1E7A4F7556}") = "NetAspireTest.ExternalWebApi", "App\NetAspireTest.ExternalWebApi\NetAspireTest.ExternalWebApi.csproj", "{83169EB0-B02F-419F-A094-154F62722C8B}"
EndProject
Global
	GlobalSection(SolutionConfigurationPlatforms) = preSolution
		Debug|Any CPU = Debug|Any CPU
		Release|Any CPU = Release|Any CPU
	EndGlobalSection
	GlobalSection(ProjectConfigurationPlatforms) = postSolution
		{BB9C749A-886C-4017-9AFD-DED406DDEC96}.Debug|Any CPU.ActiveCfg = Debug|Any CPU
		{BB9C749A-886C-4017-9AFD-DED406DDEC96}.Debug|Any CPU.Build.0 = Debug|Any CPU
		{BB9C749A-886C-4017-9AFD-DED406DDEC96}.Release|Any CPU.ActiveCfg = Release|Any CPU
		{BB9C749A-886C-4017-9AFD-DED406DDEC96}.Release|Any CPU.Build.0 = Release|Any CPU
		{7132CFFF-5FE6-463A-A279-C75AAC839525}.Debug|Any CPU.ActiveCfg = Debug|Any CPU
		{7132CFFF-5FE6-463A-A279-C75AAC839525}.Debug|Any CPU.Build.0 = Debug|Any CPU
		{7132CFFF-5FE6-463A-A279-C75AAC839525}.Release|Any CPU.ActiveCfg = Release|Any CPU
		{7132CFFF-5FE6-463A-A279-C75AAC839525}.Release|Any CPU.Build.0 = Release|Any CPU
		{F40D64F0-7B8A-42C6-BDF2-4562FAC7BA96}.Debug|Any CPU.ActiveCfg = Debug|Any CPU
		{F40D64F0-7B8A-42C6-BDF2-4562FAC7BA96}.Debug|Any CPU.Build.0 = Debug|Any CPU
		{F40D64F0-7B8A-42C6-BDF2-4562FAC7BA96}.Release|Any CPU.ActiveCfg = Release|Any CPU
		{F40D64F0-7B8A-42C6-BDF2-4562FAC7BA96}.Release|Any CPU.Build.0 = Release|Any CPU
		{956B42F2-EB01-4416-8F43-A97277888E26}.Debug|Any CPU.ActiveCfg = Debug|Any CPU
		{956B42F2-EB01-4416-8F43-A97277888E26}.Debug|Any CPU.Build.0 = Debug|Any CPU
		{956B42F2-EB01-4416-8F43-A97277888E26}.Release|Any CPU.ActiveCfg = Release|Any CPU
		{956B42F2-EB01-4416-8F43-A97277888E26}.Release|Any CPU.Build.0 = Release|Any CPU
		{19011D1F-4E54-4D2A-A5E1-9C3A00E9BB2D}.Debug|Any CPU.ActiveCfg = Debug|Any CPU
		{19011D1F-4E54-4D2A-A5E1-9C3A00E9BB2D}.Debug|Any CPU.Build.0 = Debug|Any CPU
		{19011D1F-4E54-4D2A-A5E1-9C3A00E9BB2D}.Release|Any CPU.ActiveCfg = Release|Any CPU
		{19011D1F-4E54-4D2A-A5E1-9C3A00E9BB2D}.Release|Any CPU.Build.0 = Release|Any CPU
		{83169EB0-B02F-419F-A094-154F62722C8B}.Debug|Any CPU.ActiveCfg = Debug|Any CPU
		{83169EB0-B02F-419F-A094-154F62722C8B}.Debug|Any CPU.Build.0 = Debug|Any CPU
		{83169EB0-B02F-419F-A094-154F62722C8B}.Release|Any CPU.ActiveCfg = Release|Any CPU
		{83169EB0-B02F-419F-A094-154F62722C8B}.Release|Any CPU.Build.0 = Release|Any CPU
	EndGlobalSection
	GlobalSection(SolutionProperties) = preSolution
		HideSolutionNode = FALSE
	EndGlobalSection
	GlobalSection(NestedProjects) = preSolution
		{BB9C749A-886C-4017-9AFD-DED406DDEC96} = {48C8F3A0-F972-49E1-915C-9817381D4341}
		{7132CFFF-5FE6-463A-A279-C75AAC839525} = {48C8F3A0-F972-49E1-915C-9817381D4341}
		{F40D64F0-7B8A-42C6-BDF2-4562FAC7BA96} = {E0780562-DB5D-47EB-833B-B7816B9B6A18}
		{956B42F2-EB01-4416-8F43-A97277888E26} = {E0780562-DB5D-47EB-833B-B7816B9B6A18}
		{19011D1F-4E54-4D2A-A5E1-9C3A00E9BB2D} = {E0780562-DB5D-47EB-833B-B7816B9B6A18}
		{83169EB0-B02F-419F-A094-154F62722C8B} = {E0780562-DB5D-47EB-833B-B7816B9B6A18}
	EndGlobalSection
	GlobalSection(ExtensibilityGlobals) = postSolution
		SolutionGuid = {12C0E13D-D94F-4BAD-9FB8-1BEB547D50F3}
	EndGlobalSection
EndGlobal
