
Microsoft Visual Studio Solution File, Format Version 12.00
# Visual Studio Version 17
VisualStudioVersion = 17.10.34607.79
MinimumVisualStudioVersion = 10.0.40219.1
Project("{FAE04EC0-301F-11D3-BF4B-00C04F79EFBC}") = "NetAspireTest.Client", "NetAspireTest.Client\NetAspireTest.Client.csproj", "{0DBFB96F-6754-40FA-88CD-149678E025F4}"
EndProject
Project("{FAE04EC0-301F-11D3-BF4B-00C04F79EFBC}") = "NetAspireTest.WebApi", "NetAspireTest.WebApi\NetAspireTest.WebApi.csproj", "{782273D6-1803-4A69-ADEF-ADBFE4153922}"
EndProject
Project("{FAE04EC0-301F-11D3-BF4B-00C04F79EFBC}") = "NetAspireTest.Shared", "NetAspireTest.Shared\NetAspireTest.Shared.csproj", "{287A7462-EF73-403C-998F-918A7352BA84}"
EndProject
Global
	GlobalSection(SolutionConfigurationPlatforms) = preSolution
		Debug|Any CPU = Debug|Any CPU
		Release|Any CPU = Release|Any CPU
	EndGlobalSection
	GlobalSection(ProjectConfigurationPlatforms) = postSolution
		{0DBFB96F-6754-40FA-88CD-149678E025F4}.Debug|Any CPU.ActiveCfg = Debug|Any CPU
		{0DBFB96F-6754-40FA-88CD-149678E025F4}.Debug|Any CPU.Build.0 = Debug|Any CPU
		{0DBFB96F-6754-40FA-88CD-149678E025F4}.Release|Any CPU.ActiveCfg = Release|Any CPU
		{0DBFB96F-6754-40FA-88CD-149678E025F4}.Release|Any CPU.Build.0 = Release|Any CPU
		{782273D6-1803-4A69-ADEF-ADBFE4153922}.Debug|Any CPU.ActiveCfg = Debug|Any CPU
		{782273D6-1803-4A69-ADEF-ADBFE4153922}.Debug|Any CPU.Build.0 = Debug|Any CPU
		{782273D6-1803-4A69-ADEF-ADBFE4153922}.Release|Any CPU.ActiveCfg = Release|Any CPU
		{782273D6-1803-4A69-ADEF-ADBFE4153922}.Release|Any CPU.Build.0 = Release|Any CPU
		{287A7462-EF73-403C-998F-918A7352BA84}.Debug|Any CPU.ActiveCfg = Debug|Any CPU
		{287A7462-EF73-403C-998F-918A7352BA84}.Debug|Any CPU.Build.0 = Debug|Any CPU
		{287A7462-EF73-403C-998F-918A7352BA84}.Release|Any CPU.ActiveCfg = Release|Any CPU
		{287A7462-EF73-403C-998F-918A7352BA84}.Release|Any CPU.Build.0 = Release|Any CPU
	EndGlobalSection
	GlobalSection(SolutionProperties) = preSolution
		HideSolutionNode = FALSE
	EndGlobalSection
	GlobalSection(ExtensibilityGlobals) = postSolution
		SolutionGuid = {12C0E13D-D94F-4BAD-9FB8-1BEB547D50F3}
	EndGlobalSection
EndGlobal
